GEM
  remote: https://rubygems.org/
  specs:
    anthropic (1.36.0)
      cgi
      connection_pool
    base64 (0.3.0)
    cgi (0.5.1)
    connection_pool (3.0.2)
    domain_name (0.6.20240107)
    dotenv (3.2.0)
    faraday (2.14.1)
      faraday-net_http (>= 2.0, < 3.5)
      json
      logger
    faraday-cookie_jar (0.0.8)
      faraday (>= 0.8.0)
      http-cookie (>= 1.0.0)
    faraday-follow_redirects (0.5.0)
      faraday (>= 1, < 3)
    faraday-multipart (1.2.0)
      multipart-post (~> 2.0)
    faraday-net_http (3.4.2)
      net-http (~> 0.5)
    faraday-retry (2.4.0)
      faraday (~> 2.0)
    http-cookie (1.1.6)
      domain_name (~> 0.5)
    json (2.19.4)
    logger (1.7.0)
    mediawiki_api (0.9.0)
      faraday (>= 2.7.0)
      faraday-cookie_jar
      faraday-follow_redirects
      faraday-multipart
      faraday-retry
    multipart-post (2.4.1)
    mustermann (3.1.1)
    net-http (0.9.1)
      uri (>= 0.11.1)
    nio4r (2.7.5)
    puma (8.0.1)
      nio4r (~> 2.0)
    rack (3.2.6)
    rack-protection (4.2.1)
      base64 (>= 0.1.0)
      logger (>= 1.6.0)
      rack (>= 3.0.0, < 4)
    rack-session (2.1.2)
      base64 (>= 0.1.0)
      rack (>= 3.0.0)
    rackup (2.3.1)
      rack (>= 3)
    redcarpet (3.6.1)
    sinatra (4.2.1)
      logger (>= 1.6.0)
      mustermann (~> 3.0)
      rack (>= 3.0.0, < 4)
      rack-protection (= 4.2.1)
      rack-session (>= 2.0.0, < 3)
      tilt (~> 2.0)
    tilt (2.7.0)
    uri (1.1.1)

PLATFORMS
  arm64-darwin-23
  ruby

DEPENDENCIES
  anthropic
  dotenv
  faraday
  faraday-retry
  json
  mediawiki_api
  puma (~> 8.0)
  rackup (~> 2.3)
  redcarpet
  sinatra

CHECKSUMS
  anthropic (1.36.0) sha256=f6dcbe2fbb4a1d61cac15a3e46c635c70fb8b5b21e0e4f0bcede212c722f9b41
  base64 (0.3.0) sha256=27337aeabad6ffae05c265c450490628ef3ebd4b67be58257393227588f5a97b
  cgi (0.5.1) sha256=e93fcafc69b8a934fe1e6146121fa35430efa8b4a4047c4893764067036f18e9
  connection_pool (3.0.2) sha256=33fff5ba71a12d2aa26cb72b1db8bba2a1a01823559fb01d29eb74c286e62e0a
  domain_name (0.6.20240107) sha256=5f693b2215708476517479bf2b3802e49068ad82167bcd2286f899536a17d933
  dotenv (3.2.0) sha256=e375b83121ea7ca4ce20f214740076129ab8514cd81378161f11c03853fe619d
  faraday (2.14.1) sha256=a43cceedc1e39d188f4d2cdd360a8aaa6a11da0c407052e426ba8d3fb42ef61c
  faraday-cookie_jar (0.0.8) sha256=0140605823f8cc63c7028fccee486aaed8e54835c360cffc1f7c8c07c4299dbb
  faraday-follow_redirects (0.5.0) sha256=5cde93c894b30943a5d2b93c2fe9284216a6b756f7af406a1e55f211d97d10ad
  faraday-multipart (1.2.0) sha256=7d89a949693714176f612323ca13746a2ded204031a6ba528adee788694ef757
  faraday-net_http (3.4.2) sha256=f147758260d3526939bf57ecf911682f94926a3666502e24c69992765875906c
  faraday-retry (2.4.0) sha256=7b79c48fb7e56526faf247b12d94a680071ff40c9fda7cf1ec1549439ad11ebe
  http-cookie (1.1.6) sha256=ba4b82be64de61dc281243dac70e3c382c45142f20268ed9276a3670c93feaa9
  json (2.19.4) sha256=670a7d333fb3b18ca5b29cb255eb7bef099e40d88c02c80bd42a3f30fe5239ac
  logger (1.7.0) sha256=196edec7cc44b66cfb40f9755ce11b392f21f7967696af15d274dde7edff0203
  mediawiki_api (0.9.0) sha256=a4d77e35f8f608b923657da5f284a2b7beb130f443db910a0c10f3ca1641d1d3
  multipart-post (2.4.1) sha256=9872d03a8e552020ca096adadbf5e3cb1cd1cdd6acd3c161136b8a5737cdb4a8
  mustermann (3.1.1) sha256=4c6170c7234d5499c345562ba7c7dfe73e1754286dcc1abb053064d66a127198
  net-http (0.9.1) sha256=25ba0b67c63e89df626ed8fac771d0ad24ad151a858af2cc8e6a716ca4336996
  nio4r (2.7.5) sha256=6c90168e48fb5f8e768419c93abb94ba2b892a1d0602cb06eef16d8b7df1dca1
  puma (8.0.1) sha256=7b94e50c07655718c1fb8ae41a11fc06c7d61293208b3aa608ff71a46d3ad37c
  rack (3.2.6) sha256=5ed78e1f73b2e25679bec7d45ee2d4483cc4146eb1be0264fc4d94cb5ef212c2
  rack-protection (4.2.1) sha256=cf6e2842df8c55f5e4d1a4be015e603e19e9bc3a7178bae58949ccbb58558bac
  rack-session (2.1.2) sha256=595434f8c0c3473ae7d7ac56ecda6cc6dfd9d37c0b2b5255330aa1576967ffe8
  rackup (2.3.1) sha256=6c79c26753778e90983761d677a48937ee3192b3ffef6bc963c0950f94688868
  redcarpet (3.6.1) sha256=d444910e6aa55480c6bcdc0cdb057626e8a32c054c29e793fa642ba2f155f445
  sinatra (4.2.1) sha256=b7aeb9b11d046b552972ade834f1f9be98b185fa8444480688e3627625377080
  tilt (2.7.0) sha256=0d5b9ba69f6a36490c64b0eee9f6e9aad517e20dcc848800a06eb116f08c6ab3
  uri (1.1.1) sha256=379fa58d27ffb1387eaada68c749d1426738bd0f654d812fcc07e7568f5c57c6

BUNDLED WITH
  4.0.6
